
Microsoft Visual Studio Solution File, Format Version 12.00
# Visual Studio 15
Project("{FAE04EC0-301F-11D3-BF4B-00C04F79EFBC}") = "Assembly-CSharp", "Assembly-CSharp.csproj", "{501E40E3-C4E9-2791-53D1-2A80259C5399}"
EndProject
Project("{FAE04EC0-301F-11D3-BF4B-00C04F79EFBC}") = "Assembly-CSharp-Editor", "Assembly-CSharp-Editor.csproj", "{DFA91F98-09B5-FE6F-87E5-978D6CAA986A}"
EndProject
Global
	GlobalSection(SolutionConfigurationPlatforms) = preSolution
		Debug|Any CPU = Debug|Any CPU
		Release|Any CPU = Release|Any CPU
	EndGlobalSection
	GlobalSection(ProjectConfigurationPlatforms) = postSolution
		{501E40E3-C4E9-2791-53D1-2A80259C5399}.Debug|Any CPU.ActiveCfg = Debug|Any CPU
		{501E40E3-C4E9-2791-53D1-2A80259C5399}.Debug|Any CPU.Build.0 = Debug|Any CPU
		{501E40E3-C4E9-2791-53D1-2A80259C5399}.Release|Any CPU.ActiveCfg = Release|Any CPU
		{501E40E3-C4E9-2791-53D1-2A80259C5399}.Release|Any CPU.Build.0 = Release|Any CPU
		{DFA91F98-09B5-FE6F-87E5-978D6CAA986A}.Debug|Any CPU.ActiveCfg = Debug|Any CPU
		{DFA91F98-09B5-FE6F-87E5-978D6CAA986A}.Debug|Any CPU.Build.0 = Debug|Any CPU
		{DFA91F98-09B5-FE6F-87E5-978D6CAA986A}.Release|Any CPU.ActiveCfg = Release|Any CPU
		{DFA91F98-09B5-FE6F-87E5-978D6CAA986A}.Release|Any CPU.Build.0 = Release|Any CPU
	EndGlobalSection
	GlobalSection(SolutionProperties) = preSolution
		HideSolutionNode = FALSE
	EndGlobalSection
EndGlobal
